
Microsoft Visual Studio Solution File, Format Version 12.00
# Visual Studio Version 16
VisualStudioVersion = 16.0.32901.82
MinimumVisualStudioVersion = 10.0.40219.1
Project("{8BC9CEB8-8B4A-11D0-8D11-00A0C91BC942}") = "arvosProject", "arvosProject\arvosProject.vcxproj", "{84B7CC2D-1212-418C-9A7F-A7D295380262}"
EndProject
Global
	GlobalSection(SolutionConfigurationPlatforms) = preSolution
		Debug|x64 = Debug|x64
		Debug|x86 = Debug|x86
		Release|x64 = Release|x64
		Release|x86 = Release|x86
	EndGlobalSection
	GlobalSection(ProjectConfigurationPlatforms) = postSolution
		{84B7CC2D-1212-418C-9A7F-A7D295380262}.Debug|x64.ActiveCfg = Debug|x64
		{84B7CC2D-1212-418C-9A7F-A7D295380262}.Debug|x64.Build.0 = Debug|x64
		{84B7CC2D-1212-418C-9A7F-A7D295380262}.Debug|x86.ActiveCfg = Debug|Win32
		{84B7CC2D-1212-418C-9A7F-A7D295380262}.Debug|x86.Build.0 = Debug|Win32
		{84B7CC2D-1212-418C-9A7F-A7D295380262}.Release|x64.ActiveCfg = Release|x64
		{84B7CC2D-1212-418C-9A7F-A7D295380262}.Release|x64.Build.0 = Release|x64
		{84B7CC2D-1212-418C-9A7F-A7D295380262}.Release|x86.ActiveCfg = Release|Win32
		{84B7CC2D-1212-418C-9A7F-A7D295380262}.Release|x86.Build.0 = Release|Win32
	EndGlobalSection
	GlobalSection(SolutionProperties) = preSolution
		HideSolutionNode = FALSE
	EndGlobalSection
	GlobalSection(ExtensibilityGlobals) = postSolution
		SolutionGuid = {D6336AA5-0EFE-494B-ACF6-7E66C8153278}
	EndGlobalSection
EndGlobal
